Microsoft Visual Studio Solution File, Format Version 12.00
# Visual Studio Version 18
VisualStudioVersion = 18.5.11709.299
MinimumVisualStudioVersion = 10.0.40219.1
Project("{FAE04EC0-301F-11D3-BF4B-00C04F79EFBC}") = "Hospital.Domain", "Hospital.Domain\Hospital.Domain.csproj", "{3AD9E329-53C0-4E0A-ADBA-1F132FF30273}"
EndProject
Project("{FAE04EC0-301F-11D3-BF4B-00C04F79EFBC}") = "Hospital.PatientPortal", "Hospital.PatientPortal\Hospital.PatientPortal.csproj", "{9BD40607-90F4-48E1-A31D-41340576A33E}"
EndProject
Global
	GlobalSection(SolutionConfigurationPlatforms) = preSolution
		Debug|Any CPU = Debug|Any CPU
		Release|Any CPU = Release|Any CPU
	EndGlobalSection
	GlobalSection(ProjectConfigurationPlatforms) = postSolution
		{3AD9E329-53C0-4E0A-ADBA-1F132FF30273}.Debug|Any CPU.ActiveCfg = Debug|Any CPU
		{3AD9E329-53C0-4E0A-ADBA-1F132FF30273}.Debug|Any CPU.Build.0 = Debug|Any CPU
		{3AD9E329-53C0-4E0A-ADBA-1F132FF30273}.Release|Any CPU.ActiveCfg = Release|Any CPU
		{3AD9E329-53C0-4E0A-ADBA-1F132FF30273}.Release|Any CPU.Build.0 = Release|Any CPU
		{9BD40607-90F4-48E1-A31D-41340576A33E}.Debug|Any CPU.ActiveCfg = Debug|Any CPU
		{9BD40607-90F4-48E1-A31D-41340576A33E}.Debug|Any CPU.Build.0 = Debug|Any CPU
		{9BD40607-90F4-48E1-A31D-41340576A33E}.Release|Any CPU.ActiveCfg = Release|Any CPU
		{9BD40607-90F4-48E1-A31D-41340576A33E}.Release|Any CPU.Build.0 = Release|Any CPU
	EndGlobalSection
	GlobalSection(SolutionProperties) = preSolution
		HideSolutionNode = FALSE
	EndGlobalSection
	GlobalSection(ExtensibilityGlobals) = postSolution
		SolutionGuid = {A9BCC85D-3133-4C3F-BAA8-D1BE18D76A3A}
	EndGlobalSection
EndGlobal
